// !$*UTF8*$!
{
	archiveVersion = 1;
	classes = {
	};
	objectVersion = 50;
	objects = {

/* Begin PBXBuildFile section */
		06424A0E22DF5C2100DD93A9 /* RecipeDetail.storyboard in Resources */ = {isa = PBXBuildFile; fileRef = 06424A0C22DF5C2100DD93A9 /* RecipeDetail.storyboard */; };
		8A64804022DF46CC001B3A45 /* AppDelegate.swift in Sources */ = {isa = PBXBuildFile; fileRef = 8A64803F22DF46CC001B3A45 /* AppDelegate.swift */; };
		8A64804222DF46CC001B3A45 /* ViewController.swift in Sources */ = {isa = PBXBuildFile; fileRef = 8A64804122DF46CC001B3A45 /* ViewController.swift */; };
		8A64804522DF46CC001B3A45 /* Main.storyboard in Resources */ = {isa = PBXBuildFile; fileRef = 8A64804322DF46CC001B3A45 /* Main.storyboard */; };
		8A64804722DF46CE001B3A45 /* Assets.xcassets in Resources */ = {isa = PBXBuildFile; fileRef = 8A64804622DF46CE001B3A45 /* Assets.xcassets */; };
		8A64804A22DF46CE001B3A45 /* LaunchScreen.storyboard in Resources */ = {isa = PBXBuildFile; fileRef = 8A64804822DF46CE001B3A45 /* LaunchScreen.storyboard */; };
/* End PBXBuildFile section */

/* Begin PBXFileReference section */
		06424A0D22DF5C2100DD93A9 /* Base */ = {isa = PBXFileReference; lastKnownFileType = file.storyboard; name = Base; path = Foodist/Views/Base.lproj/RecipeDetail.storyboard; sourceTree = "<group>"; };
		8A64803C22DF46CC001B3A45 /* Foodist.app */ = {isa = PBXFileReference; explicitFileType = wrapper.application; includeInIndex = 0; path = Foodist.app; sourceTree = BUILT_PRODUCTS_DIR; };
		8A64803F22DF46CC001B3A45 /* AppDelegate.swift */ = {isa = PBXFileReference; lastKnownFileType = sourcecode.swift; path = AppDelegate.swift; sourceTree = "<group>"; };
		8A64804122DF46CC001B3A45 /* ViewController.swift */ = {isa = PBXFileReference; lastKnownFileType = sourcecode.swift; path = ViewController.swift; sourceTree = "<group>"; };
		8A64804422DF46CC001B3A45 /* Base */ = {isa = PBXFileReference; lastKnownFileType = file.storyboard; name = Base; path = Base.lproj/Main.storyboard; sourceTree = "<group>"; };
		8A64804622DF46CE001B3A45 /* Assets.xcassets */ = {isa = PBXFileReference; lastKnownFileType = folder.assetcatalog; path = Assets.xcassets; sourceTree = "<group>"; };
		8A64804922DF46CE001B3A45 /* Base */ = {isa = PBXFileReference; lastKnownFileType = file.storyboard; name = Base; path = Base.lproj/LaunchScreen.storyboard; sourceTree = "<group>"; };
		8A64804B22DF46CE001B3A45 /* Info.plist */ = {isa = PBXFileReference; lastKnownFileType = text.plist.xml; path = Info.plist; sourceTree = "<group>"; };
/* End PBXFileReference section */

/* Begin PBXFrameworksBuildPhase section */
		8A64803922DF46CC001B3A45 /* Frameworks */ = {
			isa = PBXFrameworksBuildPhase;
			buildActionMask = 2147483647;
			files = (
			);
			runOnlyForDeploymentPostprocessing = 0;
		};
/* End PBXFrameworksBuildPhase section */

/* Begin PBXGroup section */
		8A64803322DF46CC001B3A45 = {
			isa = PBXGroup;
			children = (
				8A64803E22DF46CC001B3A45 /* Foodist */,
				8A64803D22DF46CC001B3A45 /* Products */,
			);
			sourceTree = "<group>";
		};
		8A64803D22DF46CC001B3A45 /* Products */ = {
			isa = PBXGroup;
			children = (
				8A64803C22DF46CC001B3A45 /* Foodist.app */,
			);
			name = Products;
			sourceTree = "<group>";
		};
		8A64803E22DF46CC001B3A45 /* Foodist */ = {
			isa = PBXGroup;
			children = (
				8A900CA022DF4ACF0093A60E /* Views */,
				8A900C9F22DF4AB40093A60E /* Supporting */,
				8A900C9E22DF4A9E0093A60E /* ViewControllers */,
				8A64804622DF46CE001B3A45 /* Assets.xcassets */,
				8A64804B22DF46CE001B3A45 /* Info.plist */,
			);
			path = Foodist;
			sourceTree = "<group>";
		};
		8A900C9E22DF4A9E0093A60E /* ViewControllers */ = {
			isa = PBXGroup;
			children = (
				8A64804122DF46CC001B3A45 /* ViewController.swift */,
			);
			path = ViewControllers;
			sourceTree = "<group>";
		};
		8A900C9F22DF4AB40093A60E /* Supporting */ = {
			isa = PBXGroup;
			children = (
				8A64803F22DF46CC001B3A45 /* AppDelegate.swift */,
			);
			path = Supporting;
			sourceTree = "<group>";
		};
		8A900CA022DF4ACF0093A60E /* Views */ = {
			isa = PBXGroup;
			children = (
				06424A0C22DF5C2100DD93A9 /* RecipeDetail.storyboard */,
				8A64804322DF46CC001B3A45 /* Main.storyboard */,
				8A64804822DF46CE001B3A45 /* LaunchScreen.storyboard */,
			);
			path = Views;
			sourceTree = "<group>";
		};
/* End PBXGroup section */

/* Begin PBXNativeTarget section */
		8A64803B22DF46CC001B3A45 /* Foodist */ = {
			isa = PBXNativeTarget;
			buildConfigurationList = 8A64804E22DF46CE001B3A45 /* Build configuration list for PBXNativeTarget "Foodist" */;
			buildPhases = (
				8A64803822DF46CC001B3A45 /* Sources */,
				8A64803922DF46CC001B3A45 /* Frameworks */,
				8A64803A22DF46CC001B3A45 /* Resources */,
			);
			buildRules = (
			);
			dependencies = (
			);
			name = Foodist;
			productName = Foodist;
			productReference = 8A64803C22DF46CC001B3A45 /* Foodist.app */;
			productType = "com.apple.product-type.application";
		};
/* End PBXNativeTarget section */

/* Begin PBXProject section */
		8A64803422DF46CC001B3A45 /* Project object */ = {
			isa = PBXProject;
			attributes = {
				LastSwiftUpdateCheck = 1020;
				LastUpgradeCheck = 1020;
				ORGANIZATIONNAME = "Karim Cordilia";
				TargetAttributes = {
					8A64803B22DF46CC001B3A45 = {
						CreatedOnToolsVersion = 10.2.1;
					};
				};
			};
			buildConfigurationList = 8A64803722DF46CC001B3A45 /* Build configuration list for PBXProject "Foodist" */;
			compatibilityVersion = "Xcode 9.3";
			developmentRegion = en;
			hasScannedForEncodings = 0;
			knownRegions = (
				en,
				Base,
			);
			mainGroup = 8A64803322DF46CC001B3A45;
			productRefGroup = 8A64803D22DF46CC001B3A45 /* Products */;
			projectDirPath = "";
			projectRoot = "";
			targets = (
				8A64803B22DF46CC001B3A45 /* Foodist */,
			);
		};
/* End PBXProject section */

/* Begin PBXResourcesBuildPhase section */
		8A64803A22DF46CC001B3A45 /* Resources */ = {
			isa = PBXResourcesBuildPhase;
			buildActionMask = 2147483647;
			files = (
				8A64804A22DF46CE001B3A45 /* LaunchScreen.storyboard in Resources */,
				06424A0E22DF5C2100DD93A9 /* RecipeDetail.storyboard in Resources */,
				8A64804722DF46CE001B3A45 /* Assets.xcassets in Resources */,
				8A64804522DF46CC001B3A45 /* Main.storyboard in Resources */,
			);
			runOnlyForDeploymentPostprocessing = 0;
		};
/* End PBXResourcesBuildPhase section */

/* Begin PBXSourcesBuildPhase section */
		8A64803822DF46CC001B3A45 /* Sources */ = {
			isa = PBXSourcesBuildPhase;
			buildActionMask = 2147483647;
			files = (
				8A64804222DF46CC001B3A45 /* ViewController.swift in Sources */,
				8A64804022DF46CC001B3A45 /* AppDelegate.swift in Sources */,
			);
			runOnlyForDeploymentPostprocessing = 0;
		};
/* End PBXSourcesBuildPhase section */

/* Begin PBXVariantGroup section */
		06424A0C22DF5C2100DD93A9 /* RecipeDetail.storyboard */ = {
			isa = PBXVariantGroup;
			children = (
				06424A0D22DF5C2100DD93A9 /* Base */,
			);
			name = RecipeDetail.storyboard;
			sourceTree = "<group>";
		};
		8A64804322DF46CC001B3A45 /* Main.storyboard */ = {
			isa = PBXVariantGroup;
			children = (
				8A64804422DF46CC001B3A45 /* Base */,
			);
			name = Main.storyboard;
			sourceTree = "<group>";
		};
		8A64804822DF46CE001B3A45 /* LaunchScreen.storyboard */ = {
			isa = PBXVariantGroup;
			children = (
				8A64804922DF46CE001B3A45 /* Base */,
			);
			name = LaunchScreen.storyboard;
			sourceTree = "<group>";
		};
/* End PBXVariantGroup section */

/* Begin XCBuildConfiguration section */
		8A64804C22DF46CE001B3A45 /* Debug */ = {
			isa = XCBuildConfiguration;
			buildSettings = {
				ALWAYS_SEARCH_USER_PATHS = NO;
				CLANG_ANALYZER_NONNULL = YES;
				CLANG_ANALYZER_NUMBER_OBJECT_CONVERSION = YES_AGGRESSIVE;
				CLANG_CXX_LANGUAGE_STANDARD = "gnu++14";
				CLANG_CXX_LIBRARY = "libc++";
				CLANG_ENABLE_MODULES = YES;
				CLANG_ENABLE_OBJC_ARC = YES;
				CLANG_ENABLE_OBJC_WEAK = YES;
				CLANG_WARN_BLOCK_CAPTURE_AUTORELEASING = YES;
				CLANG_WARN_BOOL_CONVERSION = YES;
				CLANG_WARN_COMMA = YES;
				CLANG_WARN_CONSTANT_CONVERSION = YES;
				CLANG_WARN_DEPRECATED_OBJC_IMPLEMENTATIONS = YES;
				CLANG_WARN_DIRECT_OBJC_ISA_USAGE = YES_ERROR;
				CLANG_WARN_DOCUMENTATION_COMMENTS = YES;
				CLANG_WARN_EMPTY_BODY = YES;
				CLANG_WARN_ENUM_CONVERSION = YES;
				CLANG_WARN_INFINITE_RECURSION = YES;
				CLANG_WARN_INT_CONVERSION = YES;
				CLANG_WARN_NON_LITERAL_NULL_CONVERSION = YES;
				CLANG_WARN_OBJC_IMPLICIT_RETAIN_SELF = YES;
				CLANG_WARN_OBJC_LITERAL_CONVERSION = YES;
				CLANG_WARN_OBJC_ROOT_CLASS = YES_ERROR;
				CLANG_WARN_RANGE_LOOP_ANALYSIS = YES;
				CLANG_WARN_STRICT_PROTOTYPES = YES;
				CLANG_WARN_SUSPICIOUS_MOVE = YES;
				CLANG_WARN_UNGUARDED_AVAILABILITY = YES_AGGRESSIVE;
				CLANG_WARN_UNREACHABLE_CODE = YES;
				CLANG_WARN__DUPLICATE_METHOD_MATCH = YES;
				CODE_SIGN_IDENTITY = "iPhone Developer";
				COPY_PHASE_STRIP = NO;
				DEBUG_INFORMATION_FORMAT = dwarf;
				ENABLE_STRICT_OBJC_MSGSEND = YES;
				ENABLE_TESTABILITY = YES;
				GCC_C_LANGUAGE_STANDARD = gnu11;
				GCC_DYNAMIC_NO_PIC = NO;
				GCC_NO_COMMON_BLOCKS = YES;
				GCC_OPTIMIZATION_LEVEL = 0;
				GCC_PREPROCESSOR_DEFINITIONS = (
					"DEBUG=1",
					"$(inherited)",
				);
				GCC_WARN_64_TO_32_BIT_CONVERSION = YES;
				GCC_WARN_ABOUT_RETURN_TYPE = YES_ERROR;
				GCC_WARN_UNDECLARED_SELECTOR = YES;
				GCC_WARN_UNINITIALIZED_AUTOS = YES_AGGRESSIVE;
				GCC_WARN_UNUSED_FUNCTION = YES;
				GCC_WARN_UNUSED_VARIABLE = YES;
				IPHONEOS_DEPLOYMENT_TARGET = 12.2;
				MTL_ENABLE_DEBUG_INFO = INCLUDE_SOURCE;
				MTL_FAST_MATH = YES;
				ONLY_ACTIVE_ARCH = YES;
				SDKROOT = iphoneos;
				SWIFT_ACTIVE_COMPILATION_CONDITIONS = DEBUG;
				SWIFT_OPTIMIZATION_LEVEL = "-Onone";
			};
			name = Debug;
		};
		8A64804D22DF46CE001B3A45 /* Release */ = {
			isa = XCBuildConfiguration;
			buildSettings = {
				ALWAYS_SEARCH_USER_PATHS = NO;
				CLANG_ANALYZER_NONNULL = YES;
				CLANG_ANALYZER_NUMBER_OBJECT_CONVERSION = YES_AGGRESSIVE;
				CLANG_CXX_LANGUAGE_STANDARD = "gnu++14";
				CLANG_CXX_LIBRARY = "libc++";
				CLANG_ENABLE_MODULES = YES;
				CLANG_ENABLE_OBJC_ARC = YES;
				CLANG_ENABLE_OBJC_WEAK = YES;
				CLANG_WARN_BLOCK_CAPTURE_AUTORELEASING = YES;
				CLANG_WARN_BOOL_CONVERSION = YES;
				CLANG_WARN_COMMA = YES;
				CLANG_WARN_CONSTANT_CONVERSION = YES;
				CLANG_WARN_DEPRECATED_OBJC_IMPLEMENTATIONS = YES;
				CLANG_WARN_DIRECT_OBJC_ISA_USAGE = YES_ERROR;
				CLANG_WARN_DOCUMENTATION_COMMENTS = YES;
				CLANG_WARN_EMPTY_BODY = YES;
				CLANG_WARN_ENUM_CONVERSION = YES;
				CLANG_WARN_INFINITE_RECURSION = YES;
				CLANG_WARN_INT_CONVERSION = YES;
				CLANG_WARN_NON_LITERAL_NULL_CONVERSION = YES;
				CLANG_WARN_OBJC_IMPLICIT_RETAIN_SELF = YES;
				CLANG_WARN_OBJC_LITERAL_CONVERSION = YES;
				CLANG_WARN_OBJC_ROOT_CLASS = YES_ERROR;
				CLANG_WARN_RANGE_LOOP_ANALYSIS = YES;
				CLANG_WARN_STRICT_PROTOTYPES = YES;
				CLANG_WARN_SUSPICIOUS_MOVE = YES;
				CLANG_WARN_UNGUARDED_AVAILABILITY = YES_AGGRESSIVE;
				CLANG_WARN_UNREACHABLE_CODE = YES;
				CLANG_WARN__DUPLICATE_METHOD_MATCH = YES;
				CODE_SIGN_IDENTITY = "iPhone Developer";
				COPY_PHASE_STRIP = NO;
				DEBUG_INFORMATION_FORMAT = "dwarf-with-dsym";
				ENABLE_NS_ASSERTIONS = NO;
				ENABLE_STRICT_OBJC_MSGSEND = YES;
				GCC_C_LANGUAGE_STANDARD = gnu11;
				GCC_NO_COMMON_BLOCKS = YES;
				GCC_WARN_64_TO_32_BIT_CONVERSION = YES;
				GCC_WARN_ABOUT_RETURN_TYPE = YES_ERROR;
				GCC_WARN_UNDECLARED_SELECTOR = YES;
				GCC_WARN_UNINITIALIZED_AUTOS = YES_AGGRESSIVE;
				GCC_WARN_UNUSED_FUNCTION = YES;
				GCC_WARN_UNUSED_VARIABLE = YES;
				IPHONEOS_DEPLOYMENT_TARGET = 12.2;
				MTL_ENABLE_DEBUG_INFO = NO;
				MTL_FAST_MATH = YES;
				SDKROOT = iphoneos;
				SWIFT_COMPILATION_MODE = wholemodule;
				SWIFT_OPTIMIZATION_LEVEL = "-O";
				VALIDATE_PRODUCT = YES;
			};
			name = Release;
		};
		8A64804F22DF46CE001B3A45 /* Debug */ = {
			isa = XCBuildConfiguration;
			buildSettings = {
				ASSETCATALOG_COMPILER_APPICON_NAME = AppIcon;
				CODE_SIGN_STYLE = Automatic;
				DEVELOPMENT_TEAM = D99Z26P27B;
				INFOPLIST_FILE = Foodist/Info.plist;
				LD_RUNPATH_SEARCH_PATHS = (
					"$(inherited)",
					"@executable_path/Frameworks",
				);
				PRODUCT_BUNDLE_IDENTIFIER = com.karimcordilia.Foodist;
				PRODUCT_NAME = "$(TARGET_NAME)";
				SWIFT_VERSION = 5.0;
				TARGETED_DEVICE_FAMILY = "1,2";
			};
			name = Debug;
		};
		8A64805022DF46CE001B3A45 /* Release */ = {
			isa = XCBuildConfiguration;
			buildSettings = {
				ASSETCATALOG_COMPILER_APPICON_NAME = AppIcon;
				CODE_SIGN_STYLE = Automatic;
				DEVELOPMENT_TEAM = D99Z26P27B;
				INFOPLIST_FILE = Foodist/Info.plist;
				LD_RUNPATH_SEARCH_PATHS = (
					"$(inherited)",
					"@executable_path/Frameworks",
				);
				PRODUCT_BUNDLE_IDENTIFIER = com.karimcordilia.Foodist;
				PRODUCT_NAME = "$(TARGET_NAME)";
				SWIFT_VERSION = 5.0;
				TARGETED_DEVICE_FAMILY = "1,2";
			};
			name = Release;
		};
/* End XCBuildConfiguration section */

/* Begin XCConfigurationList section */
		8A64803722DF46CC001B3A45 /* Build configuration list for PBXProject "Foodist" */ = {
			isa = XCConfigurationList;
			buildConfigurations = (
				8A64804C22DF46CE001B3A45 /* Debug */,
				8A64804D22DF46CE001B3A45 /* Release */,
			);
			defaultConfigurationIsVisible = 0;
			defaultConfigurationName = Release;
		};
		8A64804E22DF46CE001B3A45 /* Build configuration list for PBXNativeTarget "Foodist" */ = {
			isa = XCConfigurationList;
			buildConfigurations = (
				8A64804F22DF46CE001B3A45 /* Debug */,
				8A64805022DF46CE001B3A45 /* Release */,
			);
			defaultConfigurationIsVisible = 0;
			defaultConfigurationName = Release;
		};
/* End XCConfigurationList section */
	};
	rootObject = 8A64803422DF46CC001B3A45 /* Project object */;
}
