// !$*UTF8*$!
{
	archiveVersion = 1;
	classes = {
	};
	objectVersion = 51;
	objects = {

/* Begin PBXBuildFile section */
		06380ACC22E72E91005B635F /* PreferenceTableViewController.swift in Sources */ = {isa = PBXBuildFile; fileRef = 06380ACB22E72E91005B635F /* PreferenceTableViewController.swift */; };
		06380ACE22E72F0D005B635F /* OptionsTableViewCell.swift in Sources */ = {isa = PBXBuildFile; fileRef = 06380ACD22E72F0D005B635F /* OptionsTableViewCell.swift */; };
		06380AD022E739C9005B635F /* Preference.swift in Sources */ = {isa = PBXBuildFile; fileRef = 06380ACF22E739C9005B635F /* Preference.swift */; };
		06424A0E22DF5C2100DD93A9 /* RecipeDetail.storyboard in Resources */ = {isa = PBXBuildFile; fileRef = 06424A0C22DF5C2100DD93A9 /* RecipeDetail.storyboard */; };
		06601C0C22E8892D00FACF10 /* PreferenceHeaderView.swift in Sources */ = {isa = PBXBuildFile; fileRef = 06601C0B22E8892D00FACF10 /* PreferenceHeaderView.swift */; };
		06601C0E22E8896A00FACF10 /* PreferenceHeaderView.xib in Resources */ = {isa = PBXBuildFile; fileRef = 06601C0D22E8896A00FACF10 /* PreferenceHeaderView.xib */; };
		06C0A3A222E0B0A500120DE1 /* PageViewController.swift in Sources */ = {isa = PBXBuildFile; fileRef = 06C0A3A122E0B0A500120DE1 /* PageViewController.swift */; };
		06C0A3A422E0B12500120DE1 /* SelectedCatagoryViewController.swift in Sources */ = {isa = PBXBuildFile; fileRef = 06C0A3A322E0B12500120DE1 /* SelectedCatagoryViewController.swift */; };
		06C0A3A622E0B20800120DE1 /* AllCatagoriesTableViewCell.swift in Sources */ = {isa = PBXBuildFile; fileRef = 06C0A3A522E0B20800120DE1 /* AllCatagoriesTableViewCell.swift */; };
		06C0A3A822E0B21100120DE1 /* AllCatagoryCollectionViewCell.swift in Sources */ = {isa = PBXBuildFile; fileRef = 06C0A3A722E0B21100120DE1 /* AllCatagoryCollectionViewCell.swift */; };
		06C0A3AA22E0B24000120DE1 /* AllCatagoriesViewController.swift in Sources */ = {isa = PBXBuildFile; fileRef = 06C0A3A922E0B24000120DE1 /* AllCatagoriesViewController.swift */; };
		06C0A3AC22E0CBD800120DE1 /* NetworkHandler.swift in Sources */ = {isa = PBXBuildFile; fileRef = 06C0A3AB22E0CBD800120DE1 /* NetworkHandler.swift */; };
		412E44C546520D480A66C9DB /* Pods_Foodist.framework in Frameworks */ = {isa = PBXBuildFile; fileRef = 2FE9A10B2AA825B63EB88AEA /* Pods_Foodist.framework */; };
		8A36179422DF60040050790D /* Category.swift in Sources */ = {isa = PBXBuildFile; fileRef = 8A36179322DF60040050790D /* Category.swift */; };
		8A36179622DF600B0050790D /* Recipe.swift in Sources */ = {isa = PBXBuildFile; fileRef = 8A36179522DF600B0050790D /* Recipe.swift */; };
		8A64804022DF46CC001B3A45 /* AppDelegate.swift in Sources */ = {isa = PBXBuildFile; fileRef = 8A64803F22DF46CC001B3A45 /* AppDelegate.swift */; };
		8A64804222DF46CC001B3A45 /* ViewController.swift in Sources */ = {isa = PBXBuildFile; fileRef = 8A64804122DF46CC001B3A45 /* ViewController.swift */; };
		8A64804522DF46CC001B3A45 /* Main.storyboard in Resources */ = {isa = PBXBuildFile; fileRef = 8A64804322DF46CC001B3A45 /* Main.storyboard */; };
		8A64804722DF46CE001B3A45 /* Assets.xcassets in Resources */ = {isa = PBXBuildFile; fileRef = 8A64804622DF46CE001B3A45 /* Assets.xcassets */; };
		8A64804A22DF46CE001B3A45 /* LaunchScreen.storyboard in Resources */ = {isa = PBXBuildFile; fileRef = 8A64804822DF46CE001B3A45 /* LaunchScreen.storyboard */; };
		8A8EE1D722E0523B00887926 /* RecipeInstructions.swift in Sources */ = {isa = PBXBuildFile; fileRef = 8A8EE1D622E0523B00887926 /* RecipeInstructions.swift */; };
		8A8EE1DB22E05B4100887926 /* Ingredients.swift in Sources */ = {isa = PBXBuildFile; fileRef = 8A8EE1DA22E05B4100887926 /* Ingredients.swift */; };
		8A8EE1DF22E061B400887926 /* RecipeDetailViewController.swift in Sources */ = {isa = PBXBuildFile; fileRef = 8A8EE1DE22E061B400887926 /* RecipeDetailViewController.swift */; };
		8AE7BBDE22E07A6E00AD88BF /* IngredientCell.swift in Sources */ = {isa = PBXBuildFile; fileRef = 8AE7BBDD22E07A6E00AD88BF /* IngredientCell.swift */; };
		8AE7BBE022E1CF0D00AD88BF /* BlurEffectView.swift in Sources */ = {isa = PBXBuildFile; fileRef = 8AE7BBDF22E1CF0D00AD88BF /* BlurEffectView.swift */; };
		8AE7BBE222E1F49900AD88BF /* SpeechViewController.swift in Sources */ = {isa = PBXBuildFile; fileRef = 8AE7BBE122E1F49900AD88BF /* SpeechViewController.swift */; };
/* End PBXBuildFile section */

/* Begin PBXFileReference section */
		06380ACB22E72E91005B635F /* PreferenceTableViewController.swift */ = {isa = PBXFileReference; lastKnownFileType = sourcecode.swift; path = PreferenceTableViewController.swift; sourceTree = "<group>"; };
		06380ACD22E72F0D005B635F /* OptionsTableViewCell.swift */ = {isa = PBXFileReference; lastKnownFileType = sourcecode.swift; path = OptionsTableViewCell.swift; sourceTree = "<group>"; };
		06380ACF22E739C9005B635F /* Preference.swift */ = {isa = PBXFileReference; lastKnownFileType = sourcecode.swift; path = Preference.swift; sourceTree = "<group>"; };
		06424A0D22DF5C2100DD93A9 /* Base */ = {isa = PBXFileReference; lastKnownFileType = file.storyboard; name = Base; path = Foodist/Views/Base.lproj/RecipeDetail.storyboard; sourceTree = "<group>"; };
		06601C0B22E8892D00FACF10 /* PreferenceHeaderView.swift */ = {isa = PBXFileReference; lastKnownFileType = sourcecode.swift; path = PreferenceHeaderView.swift; sourceTree = "<group>"; };
		06601C0D22E8896A00FACF10 /* PreferenceHeaderView.xib */ = {isa = PBXFileReference; lastKnownFileType = file.xib; path = PreferenceHeaderView.xib; sourceTree = "<group>"; };
		06C0A3A122E0B0A500120DE1 /* PageViewController.swift */ = {isa = PBXFileReference; fileEncoding = 4; lastKnownFileType = sourcecode.swift; path = PageViewController.swift; sourceTree = "<group>"; };
		06C0A3A322E0B12500120DE1 /* SelectedCatagoryViewController.swift */ = {isa = PBXFileReference; fileEncoding = 4; lastKnownFileType = sourcecode.swift; path = SelectedCatagoryViewController.swift; sourceTree = "<group>"; };
		06C0A3A522E0B20800120DE1 /* AllCatagoriesTableViewCell.swift */ = {isa = PBXFileReference; fileEncoding = 4; lastKnownFileType = sourcecode.swift; path = AllCatagoriesTableViewCell.swift; sourceTree = "<group>"; };
		06C0A3A722E0B21100120DE1 /* AllCatagoryCollectionViewCell.swift */ = {isa = PBXFileReference; fileEncoding = 4; lastKnownFileType = sourcecode.swift; path = AllCatagoryCollectionViewCell.swift; sourceTree = "<group>"; };
		06C0A3A922E0B24000120DE1 /* AllCatagoriesViewController.swift */ = {isa = PBXFileReference; fileEncoding = 4; lastKnownFileType = sourcecode.swift; path = AllCatagoriesViewController.swift; sourceTree = "<group>"; };
		06C0A3AB22E0CBD800120DE1 /* NetworkHandler.swift */ = {isa = PBXFileReference; lastKnownFileType = sourcecode.swift; path = NetworkHandler.swift; sourceTree = "<group>"; };
		2FE9A10B2AA825B63EB88AEA /* Pods_Foodist.framework */ = {isa = PBXFileReference; explicitFileType = wrapper.framework; includeInIndex = 0; path = Pods_Foodist.framework; sourceTree = BUILT_PRODUCTS_DIR; };
		8A36179322DF60040050790D /* Category.swift */ = {isa = PBXFileReference; lastKnownFileType = sourcecode.swift; path = Category.swift; sourceTree = "<group>"; };
		8A36179522DF600B0050790D /* Recipe.swift */ = {isa = PBXFileReference; lastKnownFileType = sourcecode.swift; path = Recipe.swift; sourceTree = "<group>"; };
		8A36179722DF64FA0050790D /* API.playground */ = {isa = PBXFileReference; lastKnownFileType = file.playground; path = API.playground; sourceTree = "<group>"; xcLanguageSpecificationIdentifier = xcode.lang.swift; };
		8A64803C22DF46CC001B3A45 /* Foodist.app */ = {isa = PBXFileReference; explicitFileType = wrapper.application; includeInIndex = 0; path = Foodist.app; sourceTree = BUILT_PRODUCTS_DIR; };
		8A64803F22DF46CC001B3A45 /* AppDelegate.swift */ = {isa = PBXFileReference; lastKnownFileType = sourcecode.swift; path = AppDelegate.swift; sourceTree = "<group>"; };
		8A64804122DF46CC001B3A45 /* ViewController.swift */ = {isa = PBXFileReference; lastKnownFileType = sourcecode.swift; path = ViewController.swift; sourceTree = "<group>"; };
		8A64804422DF46CC001B3A45 /* Base */ = {isa = PBXFileReference; lastKnownFileType = file.storyboard; name = Base; path = Base.lproj/Main.storyboard; sourceTree = "<group>"; };
		8A64804622DF46CE001B3A45 /* Assets.xcassets */ = {isa = PBXFileReference; lastKnownFileType = folder.assetcatalog; path = Assets.xcassets; sourceTree = "<group>"; };
		8A64804922DF46CE001B3A45 /* Base */ = {isa = PBXFileReference; lastKnownFileType = file.storyboard; name = Base; path = Base.lproj/LaunchScreen.storyboard; sourceTree = "<group>"; };
		8A64804B22DF46CE001B3A45 /* Info.plist */ = {isa = PBXFileReference; lastKnownFileType = text.plist.xml; path = Info.plist; sourceTree = "<group>"; };
		8A8EE1D622E0523B00887926 /* RecipeInstructions.swift */ = {isa = PBXFileReference; lastKnownFileType = sourcecode.swift; path = RecipeInstructions.swift; sourceTree = "<group>"; };
		8A8EE1DA22E05B4100887926 /* Ingredients.swift */ = {isa = PBXFileReference; lastKnownFileType = sourcecode.swift; path = Ingredients.swift; sourceTree = "<group>"; };
		8A8EE1DE22E061B400887926 /* RecipeDetailViewController.swift */ = {isa = PBXFileReference; lastKnownFileType = sourcecode.swift; path = RecipeDetailViewController.swift; sourceTree = "<group>"; };
		8AE7BBDD22E07A6E00AD88BF /* IngredientCell.swift */ = {isa = PBXFileReference; lastKnownFileType = sourcecode.swift; path = IngredientCell.swift; sourceTree = "<group>"; };
		8AE7BBDF22E1CF0D00AD88BF /* BlurEffectView.swift */ = {isa = PBXFileReference; lastKnownFileType = sourcecode.swift; path = BlurEffectView.swift; sourceTree = "<group>"; };
		8AE7BBE122E1F49900AD88BF /* SpeechViewController.swift */ = {isa = PBXFileReference; lastKnownFileType = sourcecode.swift; path = SpeechViewController.swift; sourceTree = "<group>"; };
		8F62B4831B31455D2F6B8555 /* Pods-Foodist.release.xcconfig */ = {isa = PBXFileReference; includeInIndex = 1; lastKnownFileType = text.xcconfig; name = "Pods-Foodist.release.xcconfig"; path = "Target Support Files/Pods-Foodist/Pods-Foodist.release.xcconfig"; sourceTree = "<group>"; };
		973A4B29BAE6AF5FADE3EF7D /* Pods-Foodist.debug.xcconfig */ = {isa = PBXFileReference; includeInIndex = 1; lastKnownFileType = text.xcconfig; name = "Pods-Foodist.debug.xcconfig"; path = "Target Support Files/Pods-Foodist/Pods-Foodist.debug.xcconfig"; sourceTree = "<group>"; };
/* End PBXFileReference section */

/* Begin PBXFrameworksBuildPhase section */
		8A64803922DF46CC001B3A45 /* Frameworks */ = {
			isa = PBXFrameworksBuildPhase;
			buildActionMask = 2147483647;
			files = (
				412E44C546520D480A66C9DB /* Pods_Foodist.framework in Frameworks */,
			);
			runOnlyForDeploymentPostprocessing = 0;
		};
/* End PBXFrameworksBuildPhase section */

/* Begin PBXGroup section */
		4FEF8273AC87AEBCC5E0D790 /* Frameworks */ = {
			isa = PBXGroup;
			children = (
				2FE9A10B2AA825B63EB88AEA /* Pods_Foodist.framework */,
			);
			name = Frameworks;
			sourceTree = "<group>";
		};
		7A42642C5DCA64ADD4E5CE63 /* Pods */ = {
			isa = PBXGroup;
			children = (
				973A4B29BAE6AF5FADE3EF7D /* Pods-Foodist.debug.xcconfig */,
				8F62B4831B31455D2F6B8555 /* Pods-Foodist.release.xcconfig */,
			);
			path = Pods;
			sourceTree = "<group>";
		};
		8A36179222DF5FD50050790D /* Models */ = {
			isa = PBXGroup;
			children = (
				8A36179322DF60040050790D /* Category.swift */,
				8A36179522DF600B0050790D /* Recipe.swift */,
				8A8EE1D622E0523B00887926 /* RecipeInstructions.swift */,
				8A8EE1DA22E05B4100887926 /* Ingredients.swift */,
				06380ACF22E739C9005B635F /* Preference.swift */,
			);
			path = Models;
			sourceTree = "<group>";
		};
		8A36179822DF65040050790D /* Playground */ = {
			isa = PBXGroup;
			children = (
				8A36179722DF64FA0050790D /* API.playground */,
			);
			path = Playground;
			sourceTree = "<group>";
		};
		8A36179922DF652B0050790D /* Networking */ = {
			isa = PBXGroup;
			children = (
				06C0A3AB22E0CBD800120DE1 /* NetworkHandler.swift */,
			);
			path = Networking;
			sourceTree = "<group>";
		};
		8A64803322DF46CC001B3A45 = {
			isa = PBXGroup;
			children = (
				8A64803E22DF46CC001B3A45 /* Foodist */,
				8A64803D22DF46CC001B3A45 /* Products */,
				7A42642C5DCA64ADD4E5CE63 /* Pods */,
				4FEF8273AC87AEBCC5E0D790 /* Frameworks */,
			);
			sourceTree = "<group>";
		};
		8A64803D22DF46CC001B3A45 /* Products */ = {
			isa = PBXGroup;
			children = (
				8A64803C22DF46CC001B3A45 /* Foodist.app */,
			);
			name = Products;
			sourceTree = "<group>";
		};
		8A64803E22DF46CC001B3A45 /* Foodist */ = {
			isa = PBXGroup;
			children = (
				8AE7BBDC22E07A5400AD88BF /* Cells */,
				8A36179922DF652B0050790D /* Networking */,
				8A36179822DF65040050790D /* Playground */,
				8A36179222DF5FD50050790D /* Models */,
				8A900CA022DF4ACF0093A60E /* Views */,
				8A900C9F22DF4AB40093A60E /* Supporting */,
				8A900C9E22DF4A9E0093A60E /* ViewControllers */,
				8A64804622DF46CE001B3A45 /* Assets.xcassets */,
				8A64804B22DF46CE001B3A45 /* Info.plist */,
			);
			path = Foodist;
			sourceTree = "<group>";
		};
		8A900C9E22DF4A9E0093A60E /* ViewControllers */ = {
			isa = PBXGroup;
			children = (
				8A64804122DF46CC001B3A45 /* ViewController.swift */,
				06C0A3A922E0B24000120DE1 /* AllCatagoriesViewController.swift */,
				06C0A3A122E0B0A500120DE1 /* PageViewController.swift */,
				06C0A3A322E0B12500120DE1 /* SelectedCatagoryViewController.swift */,
				8A8EE1DE22E061B400887926 /* RecipeDetailViewController.swift */,
				8AE7BBE122E1F49900AD88BF /* SpeechViewController.swift */,
				06380ACB22E72E91005B635F /* PreferenceTableViewController.swift */,
			);
			path = ViewControllers;
			sourceTree = "<group>";
		};
		8A900C9F22DF4AB40093A60E /* Supporting */ = {
			isa = PBXGroup;
			children = (
				8A64803F22DF46CC001B3A45 /* AppDelegate.swift */,
			);
			path = Supporting;
			sourceTree = "<group>";
		};
		8A900CA022DF4ACF0093A60E /* Views */ = {
			isa = PBXGroup;
			children = (
				06424A0C22DF5C2100DD93A9 /* RecipeDetail.storyboard */,
				8A64804322DF46CC001B3A45 /* Main.storyboard */,
				8A64804822DF46CE001B3A45 /* LaunchScreen.storyboard */,
				8AE7BBDF22E1CF0D00AD88BF /* BlurEffectView.swift */,
				06601C0B22E8892D00FACF10 /* PreferenceHeaderView.swift */,
				06601C0D22E8896A00FACF10 /* PreferenceHeaderView.xib */,
			);
			path = Views;
			sourceTree = "<group>";
		};
		8AE7BBDC22E07A5400AD88BF /* Cells */ = {
			isa = PBXGroup;
			children = (
				06C0A3A522E0B20800120DE1 /* AllCatagoriesTableViewCell.swift */,
				8AE7BBDD22E07A6E00AD88BF /* IngredientCell.swift */,
				06C0A3A722E0B21100120DE1 /* AllCatagoryCollectionViewCell.swift */,
				06380ACD22E72F0D005B635F /* OptionsTableViewCell.swift */,
			);
			path = Cells;
			sourceTree = "<group>";
		};
/* End PBXGroup section */

/* Begin PBXNativeTarget section */
		8A64803B22DF46CC001B3A45 /* Foodist */ = {
			isa = PBXNativeTarget;
			buildConfigurationList = 8A64804E22DF46CE001B3A45 /* Build configuration list for PBXNativeTarget "Foodist" */;
			buildPhases = (
				8174C6C86882A8AEDA335263 /* [CP] Check Pods Manifest.lock */,
				8A64803822DF46CC001B3A45 /* Sources */,
				8A64803922DF46CC001B3A45 /* Frameworks */,
				8A64803A22DF46CC001B3A45 /* Resources */,
				577BC0984AAF125481341141 /* [CP] Embed Pods Frameworks */,
				8AE99C1922E5DFAD005B3EFF /* ShellScript */,
			);
			buildRules = (
			);
			dependencies = (
			);
			name = Foodist;
			productName = Foodist;
			productReference = 8A64803C22DF46CC001B3A45 /* Foodist.app */;
			productType = "com.apple.product-type.application";
		};
/* End PBXNativeTarget section */

/* Begin PBXProject section */
		8A64803422DF46CC001B3A45 /* Project object */ = {
			isa = PBXProject;
			attributes = {
				LastSwiftUpdateCheck = 1020;
				LastUpgradeCheck = 1020;
				ORGANIZATIONNAME = "Karim Cordilia";
				TargetAttributes = {
					8A64803B22DF46CC001B3A45 = {
						CreatedOnToolsVersion = 10.2.1;
					};
				};
			};
			buildConfigurationList = 8A64803722DF46CC001B3A45 /* Build configuration list for PBXProject "Foodist" */;
			compatibilityVersion = "Xcode 9.3";
			developmentRegion = en;
			hasScannedForEncodings = 0;
			knownRegions = (
				en,
				Base,
			);
			mainGroup = 8A64803322DF46CC001B3A45;
			productRefGroup = 8A64803D22DF46CC001B3A45 /* Products */;
			projectDirPath = "";
			projectRoot = "";
			targets = (
				8A64803B22DF46CC001B3A45 /* Foodist */,
			);
		};
/* End PBXProject section */

/* Begin PBXResourcesBuildPhase section */
		8A64803A22DF46CC001B3A45 /* Resources */ = {
			isa = PBXResourcesBuildPhase;
			buildActionMask = 2147483647;
			files = (
				06601C0E22E8896A00FACF10 /* PreferenceHeaderView.xib in Resources */,
				8A64804A22DF46CE001B3A45 /* LaunchScreen.storyboard in Resources */,
				06424A0E22DF5C2100DD93A9 /* RecipeDetail.storyboard in Resources */,
				8A64804722DF46CE001B3A45 /* Assets.xcassets in Resources */,
				8A64804522DF46CC001B3A45 /* Main.storyboard in Resources */,
			);
			runOnlyForDeploymentPostprocessing = 0;
		};
/* End PBXResourcesBuildPhase section */

/* Begin PBXShellScriptBuildPhase section */
		577BC0984AAF125481341141 /* [CP] Embed Pods Frameworks */ = {
			isa = PBXShellScriptBuildPhase;
			buildActionMask = 2147483647;
			files = (
			);
			inputFileListPaths = (
				"${PODS_ROOT}/Target Support Files/Pods-Foodist/Pods-Foodist-frameworks-${CONFIGURATION}-input-files.xcfilelist",
			);
			name = "[CP] Embed Pods Frameworks";
			outputFileListPaths = (
				"${PODS_ROOT}/Target Support Files/Pods-Foodist/Pods-Foodist-frameworks-${CONFIGURATION}-output-files.xcfilelist",
			);
			runOnlyForDeploymentPostprocessing = 0;
			shellPath = /bin/sh;
			shellScript = "\"${PODS_ROOT}/Target Support Files/Pods-Foodist/Pods-Foodist-frameworks.sh\"\n";
			showEnvVarsInLog = 0;
		};
		8174C6C86882A8AEDA335263 /* [CP] Check Pods Manifest.lock */ = {
			isa = PBXShellScriptBuildPhase;
			buildActionMask = 2147483647;
			files = (
			);
			inputFileListPaths = (
			);
			inputPaths = (
				"${PODS_PODFILE_DIR_PATH}/Podfile.lock",
				"${PODS_ROOT}/Manifest.lock",
			);
			name = "[CP] Check Pods Manifest.lock";
			outputFileListPaths = (
			);
			outputPaths = (
				"$(DERIVED_FILE_DIR)/Pods-Foodist-checkManifestLockResult.txt",
			);
			runOnlyForDeploymentPostprocessing = 0;
			shellPath = /bin/sh;
			shellScript = "diff \"${PODS_PODFILE_DIR_PATH}/Podfile.lock\" \"${PODS_ROOT}/Manifest.lock\" > /dev/null\nif [ $? != 0 ] ; then\n    # print error to STDERR\n    echo \"error: The sandbox is not in sync with the Podfile.lock. Run 'pod install' or update your CocoaPods installation.\" >&2\n    exit 1\nfi\n# This output is used by Xcode 'outputs' to avoid re-running this script phase.\necho \"SUCCESS\" > \"${SCRIPT_OUTPUT_FILE_0}\"\n";
			showEnvVarsInLog = 0;
		};
		8AE99C1922E5DFAD005B3EFF /* ShellScript */ = {
			isa = PBXShellScriptBuildPhase;
			buildActionMask = 2147483647;
			files = (
			);
			inputFileListPaths = (
			);
			inputPaths = (
			);
			outputFileListPaths = (
			);
			outputPaths = (
			);
			runOnlyForDeploymentPostprocessing = 0;
			shellPath = /bin/sh;
			shellScript = "if which swiftlint >/dev/null; then\nswiftlint\nelse\necho \"warning: SwiftLint not installed, download from https://github.com/realm/SwiftLint\"\nfi\n";
		};
/* End PBXShellScriptBuildPhase section */

/* Begin PBXSourcesBuildPhase section */
		8A64803822DF46CC001B3A45 /* Sources */ = {
			isa = PBXSourcesBuildPhase;
			buildActionMask = 2147483647;
			files = (
				8A64804222DF46CC001B3A45 /* ViewController.swift in Sources */,
				8A8EE1DB22E05B4100887926 /* Ingredients.swift in Sources */,
				8A64804022DF46CC001B3A45 /* AppDelegate.swift in Sources */,
				06C0A3A622E0B20800120DE1 /* AllCatagoriesTableViewCell.swift in Sources */,
				8A36179422DF60040050790D /* Category.swift in Sources */,
				06C0A3AA22E0B24000120DE1 /* AllCatagoriesViewController.swift in Sources */,
				06C0A3A822E0B21100120DE1 /* AllCatagoryCollectionViewCell.swift in Sources */,
				06C0A3A422E0B12500120DE1 /* SelectedCatagoryViewController.swift in Sources */,
				06380ACC22E72E91005B635F /* PreferenceTableViewController.swift in Sources */,
				06380ACE22E72F0D005B635F /* OptionsTableViewCell.swift in Sources */,
				06380AD022E739C9005B635F /* Preference.swift in Sources */,
				8A8EE1DF22E061B400887926 /* RecipeDetailViewController.swift in Sources */,
				06601C0C22E8892D00FACF10 /* PreferenceHeaderView.swift in Sources */,
				8AE7BBDE22E07A6E00AD88BF /* IngredientCell.swift in Sources */,
				8A36179622DF600B0050790D /* Recipe.swift in Sources */,
				06C0A3A222E0B0A500120DE1 /* PageViewController.swift in Sources */,
				8AE7BBE222E1F49900AD88BF /* SpeechViewController.swift in Sources */,
				8A8EE1D722E0523B00887926 /* RecipeInstructions.swift in Sources */,
				06C0A3AC22E0CBD800120DE1 /* NetworkHandler.swift in Sources */,
				8AE7BBE022E1CF0D00AD88BF /* BlurEffectView.swift in Sources */,
			);
			runOnlyForDeploymentPostprocessing = 0;
		};
/* End PBXSourcesBuildPhase section */

/* Begin PBXVariantGroup section */
		06424A0C22DF5C2100DD93A9 /* RecipeDetail.storyboard */ = {
			isa = PBXVariantGroup;
			children = (
				06424A0D22DF5C2100DD93A9 /* Base */,
			);
			name = RecipeDetail.storyboard;
			sourceTree = "<group>";
		};
		8A64804322DF46CC001B3A45 /* Main.storyboard */ = {
			isa = PBXVariantGroup;
			children = (
				8A64804422DF46CC001B3A45 /* Base */,
			);
			name = Main.storyboard;
			sourceTree = "<group>";
		};
		8A64804822DF46CE001B3A45 /* LaunchScreen.storyboard */ = {
			isa = PBXVariantGroup;
			children = (
				8A64804922DF46CE001B3A45 /* Base */,
			);
			name = LaunchScreen.storyboard;
			sourceTree = "<group>";
		};
/* End PBXVariantGroup section */

/* Begin XCBuildConfiguration section */
		8A64804C22DF46CE001B3A45 /* Debug */ = {
			isa = XCBuildConfiguration;
			buildSettings = {
				ALWAYS_SEARCH_USER_PATHS = NO;
				CLANG_ANALYZER_NONNULL = YES;
				CLANG_ANALYZER_NUMBER_OBJECT_CONVERSION = YES_AGGRESSIVE;
				CLANG_CXX_LANGUAGE_STANDARD = "gnu++14";
				CLANG_CXX_LIBRARY = "libc++";
				CLANG_ENABLE_MODULES = YES;
				CLANG_ENABLE_OBJC_ARC = YES;
				CLANG_ENABLE_OBJC_WEAK = YES;
				CLANG_WARN_BLOCK_CAPTURE_AUTORELEASING = YES;
				CLANG_WARN_BOOL_CONVERSION = YES;
				CLANG_WARN_COMMA = YES;
				CLANG_WARN_CONSTANT_CONVERSION = YES;
				CLANG_WARN_DEPRECATED_OBJC_IMPLEMENTATIONS = YES;
				CLANG_WARN_DIRECT_OBJC_ISA_USAGE = YES_ERROR;
				CLANG_WARN_DOCUMENTATION_COMMENTS = YES;
				CLANG_WARN_EMPTY_BODY = YES;
				CLANG_WARN_ENUM_CONVERSION = YES;
				CLANG_WARN_INFINITE_RECURSION = YES;
				CLANG_WARN_INT_CONVERSION = YES;
				CLANG_WARN_NON_LITERAL_NULL_CONVERSION = YES;
				CLANG_WARN_OBJC_IMPLICIT_RETAIN_SELF = YES;
				CLANG_WARN_OBJC_LITERAL_CONVERSION = YES;
				CLANG_WARN_OBJC_ROOT_CLASS = YES_ERROR;
				CLANG_WARN_RANGE_LOOP_ANALYSIS = YES;
				CLANG_WARN_STRICT_PROTOTYPES = YES;
				CLANG_WARN_SUSPICIOUS_MOVE = YES;
				CLANG_WARN_UNGUARDED_AVAILABILITY = YES_AGGRESSIVE;
				CLANG_WARN_UNREACHABLE_CODE = YES;
				CLANG_WARN__DUPLICATE_METHOD_MATCH = YES;
				CODE_SIGN_IDENTITY = "iPhone Developer";
				COPY_PHASE_STRIP = NO;
				DEBUG_INFORMATION_FORMAT = dwarf;
				ENABLE_STRICT_OBJC_MSGSEND = YES;
				ENABLE_TESTABILITY = YES;
				GCC_C_LANGUAGE_STANDARD = gnu11;
				GCC_DYNAMIC_NO_PIC = NO;
				GCC_NO_COMMON_BLOCKS = YES;
				GCC_OPTIMIZATION_LEVEL = 0;
				GCC_PREPROCESSOR_DEFINITIONS = (
					"DEBUG=1",
					"$(inherited)",
				);
				GCC_WARN_64_TO_32_BIT_CONVERSION = YES;
				GCC_WARN_ABOUT_RETURN_TYPE = YES_ERROR;
				GCC_WARN_UNDECLARED_SELECTOR = YES;
				GCC_WARN_UNINITIALIZED_AUTOS = YES_AGGRESSIVE;
				GCC_WARN_UNUSED_FUNCTION = YES;
				GCC_WARN_UNUSED_VARIABLE = YES;
				IPHONEOS_DEPLOYMENT_TARGET = 12.2;
				MTL_ENABLE_DEBUG_INFO = INCLUDE_SOURCE;
				MTL_FAST_MATH = YES;
				ONLY_ACTIVE_ARCH = YES;
				SDKROOT = iphoneos;
				SWIFT_ACTIVE_COMPILATION_CONDITIONS = DEBUG;
				SWIFT_OPTIMIZATION_LEVEL = "-Onone";
			};
			name = Debug;
		};
		8A64804D22DF46CE001B3A45 /* Release */ = {
			isa = XCBuildConfiguration;
			buildSettings = {
				ALWAYS_SEARCH_USER_PATHS = NO;
				CLANG_ANALYZER_NONNULL = YES;
				CLANG_ANALYZER_NUMBER_OBJECT_CONVERSION = YES_AGGRESSIVE;
				CLANG_CXX_LANGUAGE_STANDARD = "gnu++14";
				CLANG_CXX_LIBRARY = "libc++";
				CLANG_ENABLE_MODULES = YES;
				CLANG_ENABLE_OBJC_ARC = YES;
				CLANG_ENABLE_OBJC_WEAK = YES;
				CLANG_WARN_BLOCK_CAPTURE_AUTORELEASING = YES;
				CLANG_WARN_BOOL_CONVERSION = YES;
				CLANG_WARN_COMMA = YES;
				CLANG_WARN_CONSTANT_CONVERSION = YES;
				CLANG_WARN_DEPRECATED_OBJC_IMPLEMENTATIONS = YES;
				CLANG_WARN_DIRECT_OBJC_ISA_USAGE = YES_ERROR;
				CLANG_WARN_DOCUMENTATION_COMMENTS = YES;
				CLANG_WARN_EMPTY_BODY = YES;
				CLANG_WARN_ENUM_CONVERSION = YES;
				CLANG_WARN_INFINITE_RECURSION = YES;
				CLANG_WARN_INT_CONVERSION = YES;
				CLANG_WARN_NON_LITERAL_NULL_CONVERSION = YES;
				CLANG_WARN_OBJC_IMPLICIT_RETAIN_SELF = YES;
				CLANG_WARN_OBJC_LITERAL_CONVERSION = YES;
				CLANG_WARN_OBJC_ROOT_CLASS = YES_ERROR;
				CLANG_WARN_RANGE_LOOP_ANALYSIS = YES;
				CLANG_WARN_STRICT_PROTOTYPES = YES;
				CLANG_WARN_SUSPICIOUS_MOVE = YES;
				CLANG_WARN_UNGUARDED_AVAILABILITY = YES_AGGRESSIVE;
				CLANG_WARN_UNREACHABLE_CODE = YES;
				CLANG_WARN__DUPLICATE_METHOD_MATCH = YES;
				CODE_SIGN_IDENTITY = "iPhone Developer";
				COPY_PHASE_STRIP = NO;
				DEBUG_INFORMATION_FORMAT = "dwarf-with-dsym";
				ENABLE_NS_ASSERTIONS = NO;
				ENABLE_STRICT_OBJC_MSGSEND = YES;
				GCC_C_LANGUAGE_STANDARD = gnu11;
				GCC_NO_COMMON_BLOCKS = YES;
				GCC_WARN_64_TO_32_BIT_CONVERSION = YES;
				GCC_WARN_ABOUT_RETURN_TYPE = YES_ERROR;
				GCC_WARN_UNDECLARED_SELECTOR = YES;
				GCC_WARN_UNINITIALIZED_AUTOS = YES_AGGRESSIVE;
				GCC_WARN_UNUSED_FUNCTION = YES;
				GCC_WARN_UNUSED_VARIABLE = YES;
				IPHONEOS_DEPLOYMENT_TARGET = 12.2;
				MTL_ENABLE_DEBUG_INFO = NO;
				MTL_FAST_MATH = YES;
				SDKROOT = iphoneos;
				SWIFT_COMPILATION_MODE = wholemodule;
				SWIFT_OPTIMIZATION_LEVEL = "-O";
				VALIDATE_PRODUCT = YES;
			};
			name = Release;
		};
		8A64804F22DF46CE001B3A45 /* Debug */ = {
			isa = XCBuildConfiguration;
			baseConfigurationReference = 973A4B29BAE6AF5FADE3EF7D /* Pods-Foodist.debug.xcconfig */;
			buildSettings = {
				ASSETCATALOG_COMPILER_APPICON_NAME = AppIcon;
				CODE_SIGN_STYLE = Automatic;
				DEVELOPMENT_TEAM = HZWL927386;
				INFOPLIST_FILE = Foodist/Info.plist;
				LD_RUNPATH_SEARCH_PATHS = (
					"$(inherited)",
					"@executable_path/Frameworks",
				);
				PRODUCT_BUNDLE_IDENTIFIER = nl.theappacademy.foodist;
				PRODUCT_NAME = "$(TARGET_NAME)";
				SWIFT_VERSION = 5.0;
				TARGETED_DEVICE_FAMILY = "1,2";
			};
			name = Debug;
		};
		8A64805022DF46CE001B3A45 /* Release */ = {
			isa = XCBuildConfiguration;
			baseConfigurationReference = 8F62B4831B31455D2F6B8555 /* Pods-Foodist.release.xcconfig */;
			buildSettings = {
				ASSETCATALOG_COMPILER_APPICON_NAME = AppIcon;
				CODE_SIGN_STYLE = Automatic;
				DEVELOPMENT_TEAM = HZWL927386;
				INFOPLIST_FILE = Foodist/Info.plist;
				LD_RUNPATH_SEARCH_PATHS = (
					"$(inherited)",
					"@executable_path/Frameworks",
				);
				PRODUCT_BUNDLE_IDENTIFIER = nl.theappacademy.foodist;
				PRODUCT_NAME = "$(TARGET_NAME)";
				SWIFT_VERSION = 5.0;
				TARGETED_DEVICE_FAMILY = "1,2";
			};
			name = Release;
		};
/* End XCBuildConfiguration section */

/* Begin XCConfigurationList section */
		8A64803722DF46CC001B3A45 /* Build configuration list for PBXProject "Foodist" */ = {
			isa = XCConfigurationList;
			buildConfigurations = (
				8A64804C22DF46CE001B3A45 /* Debug */,
				8A64804D22DF46CE001B3A45 /* Release */,
			);
			defaultConfigurationIsVisible = 0;
			defaultConfigurationName = Release;
		};
		8A64804E22DF46CE001B3A45 /* Build configuration list for PBXNativeTarget "Foodist" */ = {
			isa = XCConfigurationList;
			buildConfigurations = (
				8A64804F22DF46CE001B3A45 /* Debug */,
				8A64805022DF46CE001B3A45 /* Release */,
			);
			defaultConfigurationIsVisible = 0;
			defaultConfigurationName = Release;
		};
/* End XCConfigurationList section */
	};
	rootObject = 8A64803422DF46CC001B3A45 /* Project object */;
}
